# auto-generated by grc.converter

id: lte_pre_decoder_vcvc
label: Pre Decoder
category: lte

parameters:
-   id: N_ant
    label: antenna ports
    dtype: int
    default: '1'
    hide: part
-   id: vlen
    label: vector length
    dtype: int
    hide: ${ 'part' if vlen == 1 else 'none' }
-   id: style
    label: RX style
    dtype: string
-   id: rxant
    label: RX antennas
    dtype: int
    default: '1'
    hide: ${ 'part' if vlen == 1 else 'none' }

inputs:
-   domain: stream
    dtype: complex
    vlen: ${ vlen*rxant }
-   label: ant_p_est
    domain: stream
    dtype: complex
    vlen: ${ vlen*rxant }
    multiplicity: ${ N_ant }
-   domain: message
    id: N_ant
    optional: true

outputs:
-   domain: stream
    dtype: complex
    vlen: ${ vlen }

templates:
    imports: import lte
    make: lte.pre_decoder_vcvc(${rxant}, ${N_ant}, ${vlen}, ${style})

file_format: 1
