# auto-generated by grc.converter

id: lte_mimo_sss_calculator
label: MIMO SSS calculator
category: lte

parameters:
-   id: rxant
    label: RX antennas
    dtype: int
    hide: ${ 'part' if vlen == 1 else 'none' }

inputs:
-   domain: stream
    dtype: complex
    vlen: ${ 72*rxant }
-   domain: message
    id: N_id_2

outputs:
-   domain: message
    id: frame_start
-   domain: message
    id: cell_id

templates:
    imports: import lte
    make: lte.mimo_sss_calculator(${rxant})

file_format: 1
