# auto-generated by grc.converter

id: lte_subblock_deinterleaver_vfvf
label: Subblock Deinterleaver
category: lte

parameters:
-   id: num_groups
    label: REGs per group
    dtype: int
    hide: ${ 'part' if vlen == 1 else 'none' }
-   id: items_per_group
    label: items per REG
    dtype: int
    hide: ${ 'part' if vlen == 1 else 'none' }

inputs:
-   domain: stream
    dtype: float
    vlen: ${ num_groups*items_per_group }

outputs:
-   domain: stream
    dtype: float
    vlen: ${ num_groups*items_per_group }

templates:
    imports: import lte
    make: lte.subblock_deinterleaver_vfvf(${num_groups}, ${items_per_group}, "$id")

file_format: 1
