# auto-generated by grc.converter

id: lte_bch_crc_check_ant_chooser_bb
label: BCH CRC antenna selector
category: lte

inputs:
-   label: in1
    domain: stream
    dtype: byte
-   label: in2
    domain: stream
    dtype: byte
-   label: in4
    domain: stream
    dtype: byte

outputs:
-   label: N_ant
    domain: stream
    dtype: byte

templates:
    imports: import lte
    make: lte.bch_crc_check_ant_chooser_bb("$id")

file_format: 1
