# auto-generated by grc.converter

id: lte_pcfich_scramble_sequencer_m
label: PCFICH Descrambler Parameterizer
category: lte

inputs:
-   domain: message
    id: cell_id

outputs:
-   domain: message
    id: descr

templates:
    imports: import lte
    make: lte.pcfich_scramble_sequencer_m("$id")

file_format: 1
