# auto-generated by grc.converter

id: lte_rs_map_generator_m
label: RS map Generator
category: lte

parameters:
-   id: N_rb_dl
    label: resource blocks
    dtype: int
-   id: ant_port
    label: antenna port
    dtype: int

inputs:
-   domain: message
    id: cell_id

outputs:
-   domain: message
    id: pilots

templates:
    imports: import lte
    make: lte.rs_map_generator_m("cell_id", "pilots", ${N_rb_dl}, ${ant_port}, "$id")

file_format: 1
