# auto-generated by grc.converter

id: lte_pbch_demux_vcvc
label: PBCH Demux
category: lte

parameters:
-   id: rxant
    label: RX antennas
    dtype: int
    default: '1'
    hide: ${ 'part' if vlen == 1 else 'none' }
-   id: N_rb_dl
    label: resource blocks
    dtype: int
    hide: ${ 'part' if vlen == 1 else 'none' }

inputs:
-   domain: stream
    dtype: complex
    vlen: ${ 12 * N_rb_dl * rxant }
-   domain: message
    id: cell_id
    optional: true

outputs:
-   domain: stream
    dtype: complex
    vlen: ${ 240 * rxant }

templates:
    imports: import lte
    make: lte.pbch_demux_vcvc(${N_rb_dl}, ${rxant}, "$id")

file_format: 1
