# auto-generated by grc.converter

id: lte_pbch_descrambler_vfvf
label: PBCH Descrambler
category: lte

parameters:
-   id: key
    label: tag key
    dtype: string

inputs:
-   domain: message
    id: cell_id
-   domain: stream
    dtype: float
    vlen: 1920

outputs:
-   domain: stream
    dtype: float
    vlen: 120

templates:
    imports: import lte
    make: lte.pbch_descrambler_vfvf(${key})

file_format: 1
